
Microsoft Visual Studio Solution File, Format Version 12.00
# Visual Studio 15
VisualStudioVersion = 15.0.26403.7
MinimumVisualStudioVersion = 10.0.40219.1
Project("{FAE04EC0-301F-11D3-BF4B-00C04F79EFBC}") = "PerformanceBenchmark", "PerformanceBenchmark\PerformanceBenchmark.csproj", "{C7B98CA5-176D-48CC-945D-5386C1945162}"
EndProject
Project("{FAE04EC0-301F-11D3-BF4B-00C04F79EFBC}") = "FastMath", "FastMath\FastMath.csproj", "{631AF1FE-38BE-46CB-9914-7EAD476578B0}"
EndProject
Project("{FAE04EC0-301F-11D3-BF4B-00C04F79EFBC}") = "FastMathSampleApp", "FastMathSampleApp\FastMathSampleApp.csproj", "{DE631C20-BF56-411D-AFF5-8A37AF02FB8E}"
EndProject
Project("{FAE04EC0-301F-11D3-BF4B-00C04F79EFBC}") = "Tests", "Tests\Tests.csproj", "{EB9CC22B-2005-4E6C-B6A6-BDDD9BFC10D6}"
EndProject
Global
	GlobalSection(SolutionConfigurationPlatforms) = preSolution
		Debug|Any CPU = Debug|Any CPU
		Debug|x64 = Debug|x64
		Debug|x86 = Debug|x86
		Release|Any CPU = Release|Any CPU
		Release|x64 = Release|x64
		Release|x86 = Release|x86
	EndGlobalSection
	GlobalSection(ProjectConfigurationPlatforms) = postSolution
		{C7B98CA5-176D-48CC-945D-5386C1945162}.Debug|Any CPU.ActiveCfg = Debug|Any CPU
		{C7B98CA5-176D-48CC-945D-5386C1945162}.Debug|Any CPU.Build.0 = Debug|Any CPU
		{C7B98CA5-176D-48CC-945D-5386C1945162}.Debug|x64.ActiveCfg = Debug|Any CPU
		{C7B98CA5-176D-48CC-945D-5386C1945162}.Debug|x64.Build.0 = Debug|Any CPU
		{C7B98CA5-176D-48CC-945D-5386C1945162}.Debug|x86.ActiveCfg = Debug|Any CPU
		{C7B98CA5-176D-48CC-945D-5386C1945162}.Debug|x86.Build.0 = Debug|Any CPU
		{C7B98CA5-176D-48CC-945D-5386C1945162}.Release|Any CPU.ActiveCfg = Release|Any CPU
		{C7B98CA5-176D-48CC-945D-5386C1945162}.Release|Any CPU.Build.0 = Release|Any CPU
		{C7B98CA5-176D-48CC-945D-5386C1945162}.Release|x64.ActiveCfg = Release|Any CPU
		{C7B98CA5-176D-48CC-945D-5386C1945162}.Release|x64.Build.0 = Release|Any CPU
		{C7B98CA5-176D-48CC-945D-5386C1945162}.Release|x86.ActiveCfg = Release|Any CPU
		{C7B98CA5-176D-48CC-945D-5386C1945162}.Release|x86.Build.0 = Release|Any CPU
		{631AF1FE-38BE-46CB-9914-7EAD476578B0}.Debug|Any CPU.ActiveCfg = Debug|Any CPU
		{631AF1FE-38BE-46CB-9914-7EAD476578B0}.Debug|Any CPU.Build.0 = Debug|Any CPU
		{631AF1FE-38BE-46CB-9914-7EAD476578B0}.Debug|x64.ActiveCfg = Debug|Any CPU
		{631AF1FE-38BE-46CB-9914-7EAD476578B0}.Debug|x64.Build.0 = Debug|Any CPU
		{631AF1FE-38BE-46CB-9914-7EAD476578B0}.Debug|x86.ActiveCfg = Debug|Any CPU
		{631AF1FE-38BE-46CB-9914-7EAD476578B0}.Debug|x86.Build.0 = Debug|Any CPU
		{631AF1FE-38BE-46CB-9914-7EAD476578B0}.Release|Any CPU.ActiveCfg = Release|Any CPU
		{631AF1FE-38BE-46CB-9914-7EAD476578B0}.Release|Any CPU.Build.0 = Release|Any CPU
		{631AF1FE-38BE-46CB-9914-7EAD476578B0}.Release|x64.ActiveCfg = Release|Any CPU
		{631AF1FE-38BE-46CB-9914-7EAD476578B0}.Release|x64.Build.0 = Release|Any CPU
		{631AF1FE-38BE-46CB-9914-7EAD476578B0}.Release|x86.ActiveCfg = Release|Any CPU
		{631AF1FE-38BE-46CB-9914-7EAD476578B0}.Release|x86.Build.0 = Release|Any CPU
		{DE631C20-BF56-411D-AFF5-8A37AF02FB8E}.Debug|Any CPU.ActiveCfg = Debug|Any CPU
		{DE631C20-BF56-411D-AFF5-8A37AF02FB8E}.Debug|Any CPU.Build.0 = Debug|Any CPU
		{DE631C20-BF56-411D-AFF5-8A37AF02FB8E}.Debug|x64.ActiveCfg = Debug|Any CPU
		{DE631C20-BF56-411D-AFF5-8A37AF02FB8E}.Debug|x64.Build.0 = Debug|Any CPU
		{DE631C20-BF56-411D-AFF5-8A37AF02FB8E}.Debug|x86.ActiveCfg = Debug|Any CPU
		{DE631C20-BF56-411D-AFF5-8A37AF02FB8E}.Debug|x86.Build.0 = Debug|Any CPU
		{DE631C20-BF56-411D-AFF5-8A37AF02FB8E}.Release|Any CPU.ActiveCfg = Release|Any CPU
		{DE631C20-BF56-411D-AFF5-8A37AF02FB8E}.Release|Any CPU.Build.0 = Release|Any CPU
		{DE631C20-BF56-411D-AFF5-8A37AF02FB8E}.Release|x64.ActiveCfg = Release|Any CPU
		{DE631C20-BF56-411D-AFF5-8A37AF02FB8E}.Release|x64.Build.0 = Release|Any CPU
		{DE631C20-BF56-411D-AFF5-8A37AF02FB8E}.Release|x86.ActiveCfg = Release|Any CPU
		{DE631C20-BF56-411D-AFF5-8A37AF02FB8E}.Release|x86.Build.0 = Release|Any CPU
		{EB9CC22B-2005-4E6C-B6A6-BDDD9BFC10D6}.Debug|Any CPU.ActiveCfg = Debug|Any CPU
		{EB9CC22B-2005-4E6C-B6A6-BDDD9BFC10D6}.Debug|Any CPU.Build.0 = Debug|Any CPU
		{EB9CC22B-2005-4E6C-B6A6-BDDD9BFC10D6}.Debug|x64.ActiveCfg = Debug|Any CPU
		{EB9CC22B-2005-4E6C-B6A6-BDDD9BFC10D6}.Debug|x64.Build.0 = Debug|Any CPU
		{EB9CC22B-2005-4E6C-B6A6-BDDD9BFC10D6}.Debug|x86.ActiveCfg = Debug|Any CPU
		{EB9CC22B-2005-4E6C-B6A6-BDDD9BFC10D6}.Debug|x86.Build.0 = Debug|Any CPU
		{EB9CC22B-2005-4E6C-B6A6-BDDD9BFC10D6}.Release|Any CPU.ActiveCfg = Release|Any CPU
		{EB9CC22B-2005-4E6C-B6A6-BDDD9BFC10D6}.Release|Any CPU.Build.0 = Release|Any CPU
		{EB9CC22B-2005-4E6C-B6A6-BDDD9BFC10D6}.Release|x64.ActiveCfg = Release|Any CPU
		{EB9CC22B-2005-4E6C-B6A6-BDDD9BFC10D6}.Release|x64.Build.0 = Release|Any CPU
		{EB9CC22B-2005-4E6C-B6A6-BDDD9BFC10D6}.Release|x86.ActiveCfg = Release|Any CPU
		{EB9CC22B-2005-4E6C-B6A6-BDDD9BFC10D6}.Release|x86.Build.0 = Release|Any CPU
	EndGlobalSection
	GlobalSection(SolutionProperties) = preSolution
		HideSolutionNode = FALSE
	EndGlobalSection
EndGlobal
